{
  "version": 4,
  "terraform_version": "0.12.2",
  "serial": 16,
  "lineage": "1ec0b3a7-2992-26d9-978f-611a2e801ec7",
  "outputs": {
    "cluster_endpoint": {
      "value": "35.222.201.144",
      "type": "string"
    },
    "cluster_name": {
      "value": "jkk8s-2",
      "type": "string"
    },
    "kfp_sa_email": {
      "value": "kfp-sa@jkubeflow.iam.gserviceaccount.com",
      "type": "string"
    },
    "kfp_sa_name": {
      "value": "projects/jkubeflow/serviceAccounts/kfp-sa@jkubeflow.iam.gserviceaccount.com",
      "type": "string"
    },
    "lp_sa_email": {
      "value": "gke-sa@jkubeflow.iam.gserviceaccount.com",
      "type": "string"
    },
    "lp_sa_name": {
      "value": "projects/jkubeflow/serviceAccounts/gke-sa@jkubeflow.iam.gserviceaccount.com",
      "type": "string"
    }
  },
  "resources": [
    {
      "mode": "data",
      "type": "google_client_config",
      "name": "client",
      "provider": "provider.google",
      "instances": [
        {
          "schema_version": 0,
          "attributes": {
            "access_token": "ya29.GqUBTAevlna2JwXYArdSCi_ZYx5Fqr8z_15_EUthGY7cASo1r02nS2x5UEwSj6h3RcWcdwk20ff00lIVA7UTQw12eYoJAW5K3Y9yOfgh9XNW0-4axf46OBA_QSHkLrbCMpuTv3CNm2Uwn05SrRG2UZKjszwhzkh40GvCjVAv69ItYFEmtPdwpPuUgwAkhKlwzzCNS4N9H3h634iSVv05DUvSoguSUfEj",
            "id": "2019-07-21 20:01:43.492271315 +0000 UTC",
            "project": "jkubeflow",
            "region": "us-central1",
            "zone": "us-central1-a"
          }
        }
      ]
    },
    {
      "mode": "data",
      "type": "template_file",
      "name": "access_token",
      "provider": "provider.template",
      "instances": [
        {
          "schema_version": 0,
          "attributes": {
            "filename": null,
            "id": "a534b4edf9700edf6ae0e39cd78afb6388a5e7fdd0f95db0ab7477b752f2dea9",
            "rendered": "ya29.GqUBTAevlna2JwXYArdSCi_ZYx5Fqr8z_15_EUthGY7cASo1r02nS2x5UEwSj6h3RcWcdwk20ff00lIVA7UTQw12eYoJAW5K3Y9yOfgh9XNW0-4axf46OBA_QSHkLrbCMpuTv3CNm2Uwn05SrRG2UZKjszwhzkh40GvCjVAv69ItYFEmtPdwpPuUgwAkhKlwzzCNS4N9H3h634iSVv05DUvSoguSUfEj",
            "template": "ya29.GqUBTAevlna2JwXYArdSCi_ZYx5Fqr8z_15_EUthGY7cASo1r02nS2x5UEwSj6h3RcWcdwk20ff00lIVA7UTQw12eYoJAW5K3Y9yOfgh9XNW0-4axf46OBA_QSHkLrbCMpuTv3CNm2Uwn05SrRG2UZKjszwhzkh40GvCjVAv69ItYFEmtPdwpPuUgwAkhKlwzzCNS4N9H3h634iSVv05DUvSoguSUfEj",
            "vars": null
          },
          "depends_on": [
            "data.google_client_config.client"
          ]
        }
      ]
    },
    {
      "mode": "data",
      "type": "template_file",
      "name": "cluster_ca_certificate",
      "provider": "provider.template",
      "instances": [
        {
          "schema_version": 0,
          "attributes": {
            "filename": null,
            "id": "54677b5566e9df3a1dec76cb766287e0a9c04a285626e960c0aff603328e2bb2",
            "rendered": "-----BEGIN CERTIFICATE-----\nMIIDCzCCAfOgAwIBAgIQf16M6COVeR9yaCV8ShxFnjANBgkqhkiG9w0BAQsFADAv\nMS0wKwYDVQQDEyQyMzYwNzE3Mi1kMmFmLTQ1YWUtOTQ3OC1jMDAzOTBkZDEzNTAw\nHhcNMTkwNzIxMTkwMTUwWhcNMjQwNzE5MjAwMTUwWjAvMS0wKwYDVQQDEyQyMzYw\nNzE3Mi1kMmFmLTQ1YWUtOTQ3OC1jMDAzOTBkZDEzNTAwggEiMA0GCSqGSIb3DQEB\nAQUAA4IBDwAwggEKAoIBAQCclRxf1nG/54HExfEhsHIWvPPzLw3ZoVOcnQ0HCMdQ\n0wvvXI5yoxm0AWBcTb3INKx5FuUDRYE45Y2Owxx6LwkeDkSsnBq3e+i9vQdve7Y6\nSzW27aYyOtEp+QGzCzcn0C9FFLJ39CCyQqyL0Qdt6y9yxakPpBGixr7M5lBxi9A/\n4+hr/fwZIvFmow/uscEsAf8g4xcTgowcLYPCrFJBU86Q1J8zqHBbBdIJk/K/JbhV\n72JMG3HMdFOAnBr82s1szeMCL5KcvQDXv/7fWdCLNnsmWQ2ZpmUGi+VvrEcK5zFq\nmQhWO9X0M10lCdIonaGKz4vl8vU4TD95JGpeh+CUxSCHAgMBAAGjIzAhMA4GA1Ud\nDwEB/wQEAwICBDAPBgNVHRMBAf8EBTADAQH/MA0GCSqGSIb3DQEBCwUAA4IBAQBm\nT2f7WIFgPwxnkLyHpsVCUswOdw7GzZVMrLFZaelVVB5m3ppjT0d5vQa3HMcv2hrw\nSd7yq0AzEEo/g+UUMVh1I26sde4C5D7ryK1z8asqiKWxEC1Qgs51yOJJJVXj9vaf\nEMKK/x+IfXXT9pnOgwQztWBifrqNXPbhpZsfLUvnh2lxLmVm5mzjZpwkcANGbn8N\nxbRysASo/nnL1hK+4Hwn6PCvIc28pCsgd/I8lJaW9O7GIZgmzn4QBn8tXnCFLoYO\ndEQLjxcp+hiJ9xCYN4iJ/Y3gKBJzmEpbrF/HivP5uK73YLoFDSid+FxeO5ZX7gB3\no6YmQv5/UfncdW1C9sqR\n-----END CERTIFICATE-----\n",
            "template": "-----BEGIN CERTIFICATE-----\nMIIDCzCCAfOgAwIBAgIQf16M6COVeR9yaCV8ShxFnjANBgkqhkiG9w0BAQsFADAv\nMS0wKwYDVQQDEyQyMzYwNzE3Mi1kMmFmLTQ1YWUtOTQ3OC1jMDAzOTBkZDEzNTAw\nHhcNMTkwNzIxMTkwMTUwWhcNMjQwNzE5MjAwMTUwWjAvMS0wKwYDVQQDEyQyMzYw\nNzE3Mi1kMmFmLTQ1YWUtOTQ3OC1jMDAzOTBkZDEzNTAwggEiMA0GCSqGSIb3DQEB\nAQUAA4IBDwAwggEKAoIBAQCclRxf1nG/54HExfEhsHIWvPPzLw3ZoVOcnQ0HCMdQ\n0wvvXI5yoxm0AWBcTb3INKx5FuUDRYE45Y2Owxx6LwkeDkSsnBq3e+i9vQdve7Y6\nSzW27aYyOtEp+QGzCzcn0C9FFLJ39CCyQqyL0Qdt6y9yxakPpBGixr7M5lBxi9A/\n4+hr/fwZIvFmow/uscEsAf8g4xcTgowcLYPCrFJBU86Q1J8zqHBbBdIJk/K/JbhV\n72JMG3HMdFOAnBr82s1szeMCL5KcvQDXv/7fWdCLNnsmWQ2ZpmUGi+VvrEcK5zFq\nmQhWO9X0M10lCdIonaGKz4vl8vU4TD95JGpeh+CUxSCHAgMBAAGjIzAhMA4GA1Ud\nDwEB/wQEAwICBDAPBgNVHRMBAf8EBTADAQH/MA0GCSqGSIb3DQEBCwUAA4IBAQBm\nT2f7WIFgPwxnkLyHpsVCUswOdw7GzZVMrLFZaelVVB5m3ppjT0d5vQa3HMcv2hrw\nSd7yq0AzEEo/g+UUMVh1I26sde4C5D7ryK1z8asqiKWxEC1Qgs51yOJJJVXj9vaf\nEMKK/x+IfXXT9pnOgwQztWBifrqNXPbhpZsfLUvnh2lxLmVm5mzjZpwkcANGbn8N\nxbRysASo/nnL1hK+4Hwn6PCvIc28pCsgd/I8lJaW9O7GIZgmzn4QBn8tXnCFLoYO\ndEQLjxcp+hiJ9xCYN4iJ/Y3gKBJzmEpbrF/HivP5uK73YLoFDSid+FxeO5ZX7gB3\no6YmQv5/UfncdW1C9sqR\n-----END CERTIFICATE-----\n",
            "vars": null
          },
          "depends_on": [
            "module.kfp_cluster"
          ]
        }
      ]
    },
    {
      "mode": "data",
      "type": "template_file",
      "name": "gke_host_endpoint",
      "provider": "provider.template",
      "instances": [
        {
          "schema_version": 0,
          "attributes": {
            "filename": null,
            "id": "41f5a51fbc0f15fc45606eade27326b8cba5b72022d2a9e6fee103e84ad48d23",
            "rendered": "35.222.201.144",
            "template": "35.222.201.144",
            "vars": null
          },
          "depends_on": [
            "module.kfp_cluster"
          ]
        }
      ]
    },
    {
      "module": "module.kfp_cluster",
      "mode": "managed",
      "type": "google_container_cluster",
      "name": "kfp_cluster",
      "provider": "provider.google",
      "instances": [
        {
          "schema_version": 1,
          "attributes": {
            "additional_zones": [],
            "addons_config": [
              {
                "horizontal_pod_autoscaling": [],
                "http_load_balancing": [],
                "kubernetes_dashboard": [
                  {
                    "disabled": true
                  }
                ],
                "network_policy_config": [
                  {
                    "disabled": true
                  }
                ]
              }
            ],
            "cluster_autoscaling": [],
            "cluster_ipv4_cidr": "10.56.0.0/14",
            "description": "KFP cluster",
            "enable_binary_authorization": null,
            "enable_intranode_visibility": null,
            "enable_kubernetes_alpha": false,
            "enable_legacy_abac": false,
            "enable_tpu": null,
            "endpoint": "35.222.201.144",
            "id": "jkk8s-2",
            "initial_node_count": 3,
            "instance_group_urls": [
              "https://www.googleapis.com/compute/v1/projects/jkubeflow/zones/us-central1-a/instanceGroups/gke-jkk8s-2-default-pool-26397732-grp"
            ],
            "ip_allocation_policy": [],
            "location": "us-central1-a",
            "logging_service": "logging.googleapis.com",
            "maintenance_policy": [],
            "master_auth": [
              {
                "client_certificate": "",
                "client_certificate_config": [
                  {
                    "issue_client_certificate": false
                  }
                ],
                "client_key": "",
                "cluster_ca_certificate": "LS0tLS1CRUdJTiBDRVJUSUZJQ0FURS0tLS0tCk1JSURDekNDQWZPZ0F3SUJBZ0lRZjE2TTZDT1ZlUjl5YUNWOFNoeEZuakFOQmdrcWhraUc5dzBCQVFzRkFEQXYKTVMwd0t3WURWUVFERXlReU16WXdOekUzTWkxa01tRm1MVFExWVdVdE9UUTNPQzFqTURBek9UQmtaREV6TlRBdwpIaGNOTVRrd056SXhNVGt3TVRVd1doY05NalF3TnpFNU1qQXdNVFV3V2pBdk1TMHdLd1lEVlFRREV5UXlNell3Ck56RTNNaTFrTW1GbUxUUTFZV1V0T1RRM09DMWpNREF6T1RCa1pERXpOVEF3Z2dFaU1BMEdDU3FHU0liM0RRRUIKQVFVQUE0SUJEd0F3Z2dFS0FvSUJBUUNjbFJ4ZjFuRy81NEhFeGZFaHNISVd2UFB6THczWm9WT2NuUTBIQ01kUQowd3Z2WEk1eW94bTBBV0JjVGIzSU5LeDVGdVVEUllFNDVZMk93eHg2THdrZURrU3NuQnEzZStpOXZRZHZlN1k2ClN6VzI3YVl5T3RFcCtRR3pDemNuMEM5RkZMSjM5Q0N5UXF5TDBRZHQ2eTl5eGFrUHBCR2l4cjdNNWxCeGk5QS8KNCtoci9md1pJdkZtb3cvdXNjRXNBZjhnNHhjVGdvd2NMWVBDckZKQlU4NlExSjh6cUhCYkJkSUprL0svSmJoVgo3MkpNRzNITWRGT0FuQnI4MnMxc3plTUNMNUtjdlFEWHYvN2ZXZENMTm5zbVdRMlpwbVVHaStWdnJFY0s1ekZxCm1RaFdPOVgwTTEwbENkSW9uYUdLejR2bDh2VTRURDk1SkdwZWgrQ1V4U0NIQWdNQkFBR2pJekFoTUE0R0ExVWQKRHdFQi93UUVBd0lDQkRBUEJnTlZIUk1CQWY4RUJUQURBUUgvTUEwR0NTcUdTSWIzRFFFQkN3VUFBNElCQVFCbQpUMmY3V0lGZ1B3eG5rTHlIcHNWQ1Vzd09kdzdHelpWTXJMRlphZWxWVkI1bTNwcGpUMGQ1dlFhM0hNY3YyaHJ3ClNkN3lxMEF6RUVvL2crVVVNVmgxSTI2c2RlNEM1RDdyeUsxejhhc3FpS1d4RUMxUWdzNTF5T0pKSlZYajl2YWYKRU1LSy94K0lmWFhUOXBuT2d3UXp0V0JpZnJxTlhQYmhwWnNmTFV2bmgybHhMbVZtNW16alpwd2tjQU5HYm44Tgp4YlJ5c0FTby9ubkwxaEsrNEh3bjZQQ3ZJYzI4cENzZ2QvSThsSmFXOU83R0laZ216bjRRQm44dFhuQ0ZMb1lPCmRFUUxqeGNwK2hpSjl4Q1lONGlKL1kzZ0tCSnptRXBickYvSGl2UDV1SzczWUxvRkRTaWQrRnhlTzVaWDdnQjMKbzZZbVF2NS9VZm5jZFcxQzlzcVIKLS0tLS1FTkQgQ0VSVElGSUNBVEUtLS0tLQo=",
                "password": "",
                "username": ""
              }
            ],
            "master_authorized_networks_config": [],
            "master_version": "1.12.8-gke.10",
            "min_master_version": null,
            "monitoring_service": "monitoring.googleapis.com",
            "name": "jkk8s-2",
            "network": "projects/jkubeflow/global/networks/default",
            "network_policy": [
              {
                "enabled": false,
                "provider": "PROVIDER_UNSPECIFIED"
              }
            ],
            "node_config": [
              {
                "disk_size_gb": 100,
                "disk_type": "pd-standard",
                "guest_accelerator": [],
                "image_type": "COS",
                "labels": {},
                "local_ssd_count": 0,
                "machine_type": "n1-standard-1",
                "metadata": {
                  "disable-legacy-endpoints": "true"
                },
                "min_cpu_platform": "",
                "oauth_scopes": [
                  "https://www.googleapis.com/auth/cloud-platform",
                  "https://www.googleapis.com/auth/logging.write",
                  "https://www.googleapis.com/auth/monitoring"
                ],
                "preemptible": false,
                "sandbox_config": [],
                "service_account": "gke-sa@jkubeflow.iam.gserviceaccount.com",
                "tags": null,
                "taint": [],
                "workload_metadata_config": []
              }
            ],
            "node_locations": [],
            "node_pool": [
              {
                "autoscaling": [],
                "initial_node_count": 3,
                "instance_group_urls": [
                  "https://www.googleapis.com/compute/v1/projects/jkubeflow/zones/us-central1-a/instanceGroupManagers/gke-jkk8s-2-default-pool-26397732-grp"
                ],
                "management": [
                  {
                    "auto_repair": false,
                    "auto_upgrade": false
                  }
                ],
                "max_pods_per_node": 0,
                "name": "default-pool",
                "name_prefix": "",
                "node_config": [
                  {
                    "disk_size_gb": 100,
                    "disk_type": "pd-standard",
                    "guest_accelerator": [],
                    "image_type": "COS",
                    "labels": {},
                    "local_ssd_count": 0,
                    "machine_type": "n1-standard-1",
                    "metadata": {
                      "disable-legacy-endpoints": "true"
                    },
                    "min_cpu_platform": "",
                    "oauth_scopes": [
                      "https://www.googleapis.com/auth/cloud-platform",
                      "https://www.googleapis.com/auth/logging.write",
                      "https://www.googleapis.com/auth/monitoring"
                    ],
                    "preemptible": false,
                    "sandbox_config": [],
                    "service_account": "gke-sa@jkubeflow.iam.gserviceaccount.com",
                    "tags": [],
                    "taint": [],
                    "workload_metadata_config": []
                  }
                ],
                "node_count": 3,
                "version": "1.12.8-gke.10"
              }
            ],
            "node_version": "1.12.8-gke.10",
            "pod_security_policy_config": [],
            "private_cluster_config": [],
            "project": "jkubeflow",
            "region": null,
            "remove_default_node_pool": null,
            "resource_labels": null,
            "services_ipv4_cidr": "10.59.240.0/20",
            "subnetwork": "projects/jkubeflow/regions/us-central1/subnetworks/default",
            "timeouts": null,
            "zone": "us-central1-a"
          },
          "private": "eyJlMmJmYjczMC1lY2FhLTExZTYtOGY4OC0zNDM2M2JjN2M0YzAiOnsiY3JlYXRlIjoxODAwMDAwMDAwMDAwLCJkZWxldGUiOjE4MDAwMDAwMDAwMDAsInVwZGF0ZSI6MzYwMDAwMDAwMDAwMH0sInNjaGVtYV92ZXJzaW9uIjoiMSJ9"
        }
      ]
    },
    {
      "module": "module.service_accounts",
      "mode": "managed",
      "type": "google_project_iam_member",
      "name": "service_account-automl_admin",
      "provider": "provider.google",
      "instances": [
        {
          "schema_version": 0,
          "attributes": {
            "etag": "BwWONnADF+k=",
            "id": "jkubeflow/roles/automl.admin/serviceaccount:kfp-sa@jkubeflow.iam.gserviceaccount.com",
            "member": "serviceAccount:kfp-sa@jkubeflow.iam.gserviceaccount.com",
            "project": "jkubeflow",
            "role": "roles/automl.admin"
          },
          "private": "bnVsbA==",
          "depends_on": [
            "google_service_account.kfp_sa"
          ]
        }
      ]
    },
    {
      "module": "module.service_accounts",
      "mode": "managed",
      "type": "google_project_iam_member",
      "name": "service_account-automl_predictor",
      "provider": "provider.google",
      "instances": [
        {
          "schema_version": 0,
          "attributes": {
            "etag": "BwWONnADF+k=",
            "id": "jkubeflow/roles/automl.predictor/serviceaccount:kfp-sa@jkubeflow.iam.gserviceaccount.com",
            "member": "serviceAccount:kfp-sa@jkubeflow.iam.gserviceaccount.com",
            "project": "jkubeflow",
            "role": "roles/automl.predictor"
          },
          "private": "bnVsbA==",
          "depends_on": [
            "google_service_account.kfp_sa"
          ]
        }
      ]
    },
    {
      "module": "module.service_accounts",
      "mode": "managed",
      "type": "google_project_iam_member",
      "name": "service_account-bigquery_admin",
      "provider": "provider.google",
      "instances": [
        {
          "schema_version": 0,
          "attributes": {
            "etag": "BwWONnADF+k=",
            "id": "jkubeflow/roles/bigquery.admin/serviceaccount:kfp-sa@jkubeflow.iam.gserviceaccount.com",
            "member": "serviceAccount:kfp-sa@jkubeflow.iam.gserviceaccount.com",
            "project": "jkubeflow",
            "role": "roles/bigquery.admin"
          },
          "private": "bnVsbA==",
          "depends_on": [
            "google_service_account.kfp_sa"
          ]
        }
      ]
    },
    {
      "module": "module.service_accounts",
      "mode": "managed",
      "type": "google_project_iam_member",
      "name": "service_account-log_writer",
      "provider": "provider.google",
      "instances": [
        {
          "schema_version": 0,
          "attributes": {
            "etag": "BwWONnADF+k=",
            "id": "jkubeflow/roles/logging.logWriter/serviceaccount:gke-sa@jkubeflow.iam.gserviceaccount.com",
            "member": "serviceAccount:gke-sa@jkubeflow.iam.gserviceaccount.com",
            "project": "jkubeflow",
            "role": "roles/logging.logWriter"
          },
          "private": "bnVsbA==",
          "depends_on": [
            "google_service_account.lp_sa"
          ]
        }
      ]
    },
    {
      "module": "module.service_accounts",
      "mode": "managed",
      "type": "google_project_iam_member",
      "name": "service_account-metric_writer",
      "provider": "provider.google",
      "instances": [
        {
          "schema_version": 0,
          "attributes": {
            "etag": "BwWONm4r5bw=",
            "id": "jkubeflow/roles/monitoring.metricWriter/serviceaccount:gke-sa@jkubeflow.iam.gserviceaccount.com",
            "member": "serviceAccount:gke-sa@jkubeflow.iam.gserviceaccount.com",
            "project": "jkubeflow",
            "role": "roles/monitoring.metricWriter"
          },
          "private": "bnVsbA==",
          "depends_on": [
            "google_service_account.lp_sa"
          ]
        }
      ]
    },
    {
      "module": "module.service_accounts",
      "mode": "managed",
      "type": "google_project_iam_member",
      "name": "service_account-monitoring_viewer",
      "provider": "provider.google",
      "instances": [
        {
          "schema_version": 0,
          "attributes": {
            "etag": "BwWONnADF+k=",
            "id": "jkubeflow/roles/monitoring.viewer/serviceaccount:gke-sa@jkubeflow.iam.gserviceaccount.com",
            "member": "serviceAccount:gke-sa@jkubeflow.iam.gserviceaccount.com",
            "project": "jkubeflow",
            "role": "roles/monitoring.viewer"
          },
          "private": "bnVsbA==",
          "depends_on": [
            "google_service_account.lp_sa"
          ]
        }
      ]
    },
    {
      "module": "module.service_accounts",
      "mode": "managed",
      "type": "google_project_iam_member",
      "name": "service_account-resource-metadata-writer",
      "provider": "provider.google",
      "instances": [
        {
          "schema_version": 0,
          "attributes": {
            "etag": "BwWONnADF+k=",
            "id": "jkubeflow/roles/stackdriver.resourceMetadata.writer/serviceaccount:gke-sa@jkubeflow.iam.gserviceaccount.com",
            "member": "serviceAccount:gke-sa@jkubeflow.iam.gserviceaccount.com",
            "project": "jkubeflow",
            "role": "roles/stackdriver.resourceMetadata.writer"
          },
          "private": "bnVsbA==",
          "depends_on": [
            "google_service_account.lp_sa"
          ]
        }
      ]
    },
    {
      "module": "module.service_accounts",
      "mode": "managed",
      "type": "google_project_iam_member",
      "name": "service_account-storage_admin",
      "provider": "provider.google",
      "instances": [
        {
          "schema_version": 0,
          "attributes": {
            "etag": "BwWONnADF+k=",
            "id": "jkubeflow/roles/storage.admin/serviceaccount:kfp-sa@jkubeflow.iam.gserviceaccount.com",
            "member": "serviceAccount:kfp-sa@jkubeflow.iam.gserviceaccount.com",
            "project": "jkubeflow",
            "role": "roles/storage.admin"
          },
          "private": "bnVsbA==",
          "depends_on": [
            "google_service_account.kfp_sa"
          ]
        }
      ]
    },
    {
      "module": "module.service_accounts",
      "mode": "managed",
      "type": "google_service_account",
      "name": "kfp_sa",
      "provider": "provider.google",
      "instances": [
        {
          "schema_version": 0,
          "attributes": {
            "account_id": "kfp-sa",
            "display_name": "KFP Service Account",
            "email": "kfp-sa@jkubeflow.iam.gserviceaccount.com",
            "id": "projects/jkubeflow/serviceAccounts/kfp-sa@jkubeflow.iam.gserviceaccount.com",
            "name": "projects/jkubeflow/serviceAccounts/kfp-sa@jkubeflow.iam.gserviceaccount.com",
            "policy_data": null,
            "project": "jkubeflow",
            "unique_id": "106633302347393271573"
          },
          "private": "bnVsbA=="
        }
      ]
    },
    {
      "module": "module.service_accounts",
      "mode": "managed",
      "type": "google_service_account",
      "name": "lp_sa",
      "provider": "provider.google",
      "instances": [
        {
          "schema_version": 0,
          "attributes": {
            "account_id": "gke-sa",
            "display_name": "Least Priviledge Service Account",
            "email": "gke-sa@jkubeflow.iam.gserviceaccount.com",
            "id": "projects/jkubeflow/serviceAccounts/gke-sa@jkubeflow.iam.gserviceaccount.com",
            "name": "projects/jkubeflow/serviceAccounts/gke-sa@jkubeflow.iam.gserviceaccount.com",
            "policy_data": null,
            "project": "jkubeflow",
            "unique_id": "111376445567235649142"
          },
          "private": "bnVsbA=="
        }
      ]
    },
    {
      "module": "module.service_accounts",
      "mode": "managed",
      "type": "google_service_account_key",
      "name": "kfp_sa_key",
      "provider": "provider.google",
      "instances": [
        {
          "schema_version": 0,
          "attributes": {
            "id": "projects/jkubeflow/serviceAccounts/kfp-sa@jkubeflow.iam.gserviceaccount.com/keys/20ca6c160b48f33cf43c1fa0dce6be6dd1a4c9b1",
            "key_algorithm": "KEY_ALG_RSA_2048",
            "name": "projects/jkubeflow/serviceAccounts/kfp-sa@jkubeflow.iam.gserviceaccount.com/keys/20ca6c160b48f33cf43c1fa0dce6be6dd1a4c9b1",
            "pgp_key": null,
            "private_key": "ewogICJ0eXBlIjogInNlcnZpY2VfYWNjb3VudCIsCiAgInByb2plY3RfaWQiOiAiamt1YmVmbG93IiwKICAicHJpdmF0ZV9rZXlfaWQiOiAiMjBjYTZjMTYwYjQ4ZjMzY2Y0M2MxZmEwZGNlNmJlNmRkMWE0YzliMSIsCiAgInByaXZhdGVfa2V5IjogIi0tLS0tQkVHSU4gUFJJVkFURSBLRVktLS0tLVxuTUlJRXZRSUJBREFOQmdrcWhraUc5dzBCQVFFRkFBU0NCS2N3Z2dTakFnRUFBb0lCQVFDNHBVRkRDaEgzdTBCRlxuOHFvVzQweXJKMXdkTWtoV2djSGx4aW1Mb2hWZ0VuWTdnRTRnTzhZbndyc0JZS0tZTzdEVjUrSTZ5Yk9SbFg5UlxuNWRVTUQyR0dCZGQ3d1FLMmNpTUN4eWFyQjMwNE5QSUh4MVhybVl1cHFYbHhKWDZFQW41RXZqRlBWUGxnQ0RTT1xuSEpkb3JLbTFCK0VCek50MUhPc2pqMWFiNWNXNnF0MlJublpFRzJNRWc2QWp3bnVJMlVGNU5wSHlYSi9KdVREc1xucGxzZld5Tk9OeXpUSHo1ZVYxRWdjWURuWGg2ZnhqOWZlbWovWlBJNWd4RWNVSmN3VDhuVktkUjRSdkszK3ZGZVxuaElLNk9wVDlyUTk4bkNDUHB2NUlocVEvelE2RVFDeXR0M3NwaEljbGVNQkw1b3hDbEpvRHpMK2NqNklJek0zd1xuKzhtbVBEbXhBZ01CQUFFQ2dnRUFRVkxKaTErWktyVDIwS2hBajNkYnJPTndYYTNuMUo3MFM0ZDNORHlqNWtpeFxueG13bWQ1WGVEVHdCcjhPUjBseXZ1NFZkVG1JRVlybHFnVDFYeVh2NWl4SXZBVXV2MjM3MnJ1bG8zekgzbFhaNVxudDlISUxtRTBmVklGTWtmTEFnWGx5UWttWmNRUXMyNUR0WkVjNmIzSURsRWF3K25ITENBT2VoYWdVK2dPczNKYlxuOHdMb3duZ1dybW1IV2pPc3Bhc0lERzVVek94M2ZOU0dnV3B6RHJ2ZWZLZXc5OE1aYlJYMjduTkpaeW5sVUh4cFxueVZ5SUtDdnpiQ2ZJb2tzUGY1bUdEY3R3TXhkbWxUQjdBRHNSNHJ2M1JVS01XYXh5a013VjdSY0thS3IwZkF6VlxuWE5QR3R2MUYxbldQU0FVcWRxQ1AzMkh0QzNQcXM3ditueWFkV2hGNFZ3S0JnUUR3Wks0QmpPSENjR1dnRkszclxueW1meXdObUJaZ0p4ZlhTV1lkYzFFMTdsKzhmaVpvT1FITzJaVUpKSVN3N2VzWkFuUnNXUW1Gdjl2WVJuclAyRVxuNVQzUHZxOXVwajc4M1BOcDRnY1JUcU1jYk1TcHQwZ1lKZXAxVHVhaWN5b0oyZXh4bEdqVWlwSEQzWlpMWTJGN1xuODFHRTA2bnpVSnlpZUlyMGxZd2ViQjZLbndLQmdRREVvZzBnbldhbkFURlVyWEpUbTllcmRuS2pEeCtiZDJFQlxuQWNVQWUyVElUaDhBZjBkQy8xcURpd1AyaEhUMk9aMnRCUWhlSDFlUyszUklVellEU1VhWHlkTEtJdmdHbG5wd1xudWtoSENrTjJhUlZpYXRSc3laeldtdW1UWmxocnc2TE1saTJnS0tQWFJqRGRTWUNhYVhsWWZHSnA3TUEyTktVS1xuZVNFZ1BkZ3Byd0tCZ0RjeVp1SGtQMUl1REtlZEYvSTBIM29WM2R0Z1dOOUdOeWJ3Z0VHbm1QcWx2VmUyd2k2c1xuOWNGbVJyQml5NTlHbGhydW5SNStYV0Q5eXhFakgzTU1VQTBMYzZ5c2Izb1FJYlFHT2lrM0xTeXhyTlpyUnhxRVxuV2psbFRIK3dnYzZSUTBFeEdvRHk4RlZRNDltYmtCNnQxK0h2MSs0T2JHakIxT1lrRUhCTDB4ZHhBb0dBRXlVb1xuSEEzWFNkbHU0U3pHSGVmbGx0ZEFrQ25QelFaUmxwU0NodXA4eEpmK29zREJ3bjgwWSt4c0pWdCtPOThlUUJObVxuWGl1MURpV1hpOWMyUWhtbld1NFdyUUc4bm4rV1NsV0k1Z25VeWJtdmtGYVFla3NqRHk0a0llcnNId244VnVra1xuWmh5dTN5NEJZZnBmSUNtMjIrdTRkVkhNNFRvOCs0a1J0Wjd2NWhjQ2dZRUFtUS9CVXVjZ0lUMkl2NWZDclNVZlxuVDdXMk01Z0gwenhqVUIyMW5zNjkzOHI3eEdBeFFqRDFocHRNbDNOTisySlV1ZFNHak91NjBQc293bWwrMjJpd1xuUTF0RWxvV2J5MXhkU1RMcFRXVVdkM2poWW9vS2s1SDJQTUpMQXN2UVpkSExBMlMxTXVjekRhTk1UaW1rY1laMlxuTWU1RENhZWdUMjBrem9kWHM2aCtya1k9XG4tLS0tLUVORCBQUklWQVRFIEtFWS0tLS0tXG4iLAogICJjbGllbnRfZW1haWwiOiAia2ZwLXNhQGprdWJlZmxvdy5pYW0uZ3NlcnZpY2VhY2NvdW50LmNvbSIsCiAgImNsaWVudF9pZCI6ICIxMDY2MzMzMDIzNDczOTMyNzE1NzMiLAogICJhdXRoX3VyaSI6ICJodHRwczovL2FjY291bnRzLmdvb2dsZS5jb20vby9vYXV0aDIvYXV0aCIsCiAgInRva2VuX3VyaSI6ICJodHRwczovL29hdXRoMi5nb29nbGVhcGlzLmNvbS90b2tlbiIsCiAgImF1dGhfcHJvdmlkZXJfeDUwOV9jZXJ0X3VybCI6ICJodHRwczovL3d3dy5nb29nbGVhcGlzLmNvbS9vYXV0aDIvdjEvY2VydHMiLAogICJjbGllbnRfeDUwOV9jZXJ0X3VybCI6ICJodHRwczovL3d3dy5nb29nbGVhcGlzLmNvbS9yb2JvdC92MS9tZXRhZGF0YS94NTA5L2tmcC1zYSU0MGprdWJlZmxvdy5pYW0uZ3NlcnZpY2VhY2NvdW50LmNvbSIKfQo=",
            "private_key_encrypted": null,
            "private_key_fingerprint": null,
            "private_key_type": "TYPE_GOOGLE_CREDENTIALS_FILE",
            "public_key": "LS0tLS1CRUdJTiBDRVJUSUZJQ0FURS0tLS0tCk1JSUMrakNDQWVLZ0F3SUJBZ0lJYkdFVFVxMjZ3R1l3RFFZSktvWklodmNOQVFFRkJRQXdJREVlTUJ3R0ExVUUKQXhNVk1UQTJOak16TXpBeU16UTNNemt6TWpjeE5UY3pNQjRYRFRFNU1EY3lNVEl3TURFMU1Wb1hEVEk1TURjeApPREl3TURFMU1Wb3dJREVlTUJ3R0ExVUVBeE1WTVRBMk5qTXpNekF5TXpRM016a3pNamN4TlRjek1JSUJJakFOCkJna3Foa2lHOXcwQkFRRUZBQU9DQVE4QU1JSUJDZ0tDQVFFQXVLVkJRd29SOTd0QVJmS3FGdU5NcXlkY0hUSkkKVm9IQjVjWXBpNklWWUJKMk80Qk9JRHZHSjhLN0FXQ2ltRHV3MWVmaU9zbXprWlYvVWVYVkRBOWhoZ1hYZThFQwp0bklqQXNjbXF3ZDlPRFR5QjhkVjY1bUxxYWw1Y1NWK2hBSitSTDR4VDFUNVlBZzBqaHlYYUt5cHRRZmhBY3piCmRSenJJNDlXbStYRnVxcmRrWjUyUkJ0akJJT2dJOEo3aU5sQmVUYVI4bHlmeWJrdzdLWmJIMXNqVGpjczB4OCsKWGxkUklIR0E1MTRlbjhZL1gzcG8vMlR5T1lNUkhGQ1hNRS9KMVNuVWVFYnl0L3J4WG9TQ3VqcVUvYTBQZkp3ZwpqNmIrU0lha1A4ME9oRUFzcmJkN0tZU0hKWGpBUythTVFwU2FBOHkvbkkraUNNek44UHZKcGp3NXNRSURBUUFCCm96Z3dOakFNQmdOVkhSTUJBZjhFQWpBQU1BNEdBMVVkRHdFQi93UUVBd0lIZ0RBV0JnTlZIU1VCQWY4RUREQUsKQmdnckJnRUZCUWNEQWpBTkJna3Foa2lHOXcwQkFRVUZBQU9DQVFFQWdBVjlORHhIdmY3UmdyZEFnY0lNNHc0NAo4bzZMS3NXZVk1L3VpZXltdkUrb1l4WHFGWGxaeDRsWkxqVGlXcEpybmxzMW4vRXFRZC9PRHlkd2dxZWtaMlppCmJMdW02OG92eVhZWWdwNFFjQlhoTGRpYkRXbUI5WlYvQ0p3YVA4akpXSk0vYTVLWSt1UTlqK0U3Ums4NWM0eDkKejMwaFJ5d1I1SWV6YVlxb3pOWEUxeksxQWhGUzJDays3SmQ3WHYyY21VYmpSK25CK0hJU2pUamxzVmNiNWE0bgpqYVVuTnRpYXIyNG11cERRWVR0L1o1YTZ2cHpncUpTR28rWVFjTXFHKzhEOTZDNzBITG8wWG9zd2xRUzlodDBzCkFWaW5uSHpDcWo0bVBwcWhCeXFUQ3RrY1hwRlpkamxpYW00SFFYSjNmR3cvU2x4TUh6V0RMbFoxd2xFaE5nPT0KLS0tLS1FTkQgQ0VSVElGSUNBVEUtLS0tLQo=",
            "public_key_type": "TYPE_X509_PEM_FILE",
            "service_account_id": "projects/jkubeflow/serviceAccounts/kfp-sa@jkubeflow.iam.gserviceaccount.com",
            "valid_after": "2019-07-21T20:01:51Z",
            "valid_before": "2029-07-18T20:01:51Z"
          },
          "private": "bnVsbA==",
          "depends_on": [
            "google_service_account.kfp_sa"
          ]
        }
      ]
    },
    {
      "mode": "managed",
      "type": "null_resource",
      "name": "configure_kubectl",
      "provider": "provider.null",
      "instances": [
        {
          "schema_version": 0,
          "attributes": {
            "id": "7799152191466104305",
            "triggers": null
          },
          "private": "bnVsbA==",
          "depends_on": [
            "module.kfp_cluster"
          ]
        }
      ]
    }
  ]
}
